
Microsoft Visual Studio Solution File, Format Version 12.00
# Visual Studio Version 17
VisualStudioVersion = 17.3.32901.215
MinimumVisualStudioVersion = 10.0.40219.1
Project("{9A19103F-16F7-4668-BE54-9A1E7A4F7556}") = "MyPregnancyTracker.Web", "MyPregnancyTracker.Web\MyPregnancyTracker.Web.csproj", "{00EF489F-E754-41AD-9AE5-BCC28A8430ED}"
EndProject
Project("{9A19103F-16F7-4668-BE54-9A1E7A4F7556}") = "MyPregnancyTracker.Data", "MyPregnancyTracker.Data\MyPregnancyTracker.Data.csproj", "{E758AB54-1526-4C6E-BBF0-35E157542266}"
EndProject
Project("{9A19103F-16F7-4668-BE54-9A1E7A4F7556}") = "MyPregnancyTracker.Services", "MyPregnancyTracker.Services\MyPregnancyTracker.Services.csproj", "{99C12AB1-3141-4F7B-AE65-1967BAFE12DA}"
EndProject
Project("{FAE04EC0-301F-11D3-BF4B-00C04F79EFBC}") = "MyPregnancyTracker.Tests", "MyPregnancyTracker.Tests\MyPregnancyTracker.Tests.csproj", "{D36FB6B1-92BE-454A-A6D5-C1A6C892C1D5}"
EndProject
Global
	GlobalSection(SolutionConfigurationPlatforms) = preSolution
		Debug|Any CPU = Debug|Any CPU
		Release|Any CPU = Release|Any CPU
	EndGlobalSection
	GlobalSection(ProjectConfigurationPlatforms) = postSolution
		{00EF489F-E754-41AD-9AE5-BCC28A8430ED}.Debug|Any CPU.ActiveCfg = Debug|Any CPU
		{00EF489F-E754-41AD-9AE5-BCC28A8430ED}.Debug|Any CPU.Build.0 = Debug|Any CPU
		{00EF489F-E754-41AD-9AE5-BCC28A8430ED}.Release|Any CPU.ActiveCfg = Release|Any CPU
		{00EF489F-E754-41AD-9AE5-BCC28A8430ED}.Release|Any CPU.Build.0 = Release|Any CPU
		{E758AB54-1526-4C6E-BBF0-35E157542266}.Debug|Any CPU.ActiveCfg = Debug|Any CPU
		{E758AB54-1526-4C6E-BBF0-35E157542266}.Debug|Any CPU.Build.0 = Debug|Any CPU
		{E758AB54-1526-4C6E-BBF0-35E157542266}.Release|Any CPU.ActiveCfg = Release|Any CPU
		{E758AB54-1526-4C6E-BBF0-35E157542266}.Release|Any CPU.Build.0 = Release|Any CPU
		{99C12AB1-3141-4F7B-AE65-1967BAFE12DA}.Debug|Any CPU.ActiveCfg = Debug|Any CPU
		{99C12AB1-3141-4F7B-AE65-1967BAFE12DA}.Debug|Any CPU.Build.0 = Debug|Any CPU
		{99C12AB1-3141-4F7B-AE65-1967BAFE12DA}.Release|Any CPU.ActiveCfg = Release|Any CPU
		{99C12AB1-3141-4F7B-AE65-1967BAFE12DA}.Release|Any CPU.Build.0 = Release|Any CPU
		{D36FB6B1-92BE-454A-A6D5-C1A6C892C1D5}.Debug|Any CPU.ActiveCfg = Debug|Any CPU
		{D36FB6B1-92BE-454A-A6D5-C1A6C892C1D5}.Debug|Any CPU.Build.0 = Debug|Any CPU
		{D36FB6B1-92BE-454A-A6D5-C1A6C892C1D5}.Release|Any CPU.ActiveCfg = Release|Any CPU
		{D36FB6B1-92BE-454A-A6D5-C1A6C892C1D5}.Release|Any CPU.Build.0 = Release|Any CPU
	EndGlobalSection
	GlobalSection(SolutionProperties) = preSolution
		HideSolutionNode = FALSE
	EndGlobalSection
	GlobalSection(ExtensibilityGlobals) = postSolution
		SolutionGuid = {852BEB3D-669B-410C-8721-5B582FEA6BD4}
	EndGlobalSection
EndGlobal
